
Microsoft Visual Studio Solution File, Format Version 12.00
# Visual Studio Version 17
VisualStudioVersion = 17.0.32014.148
MinimumVisualStudioVersion = 10.0.40219.1
Project("{FAE04EC0-301F-11D3-BF4B-00C04F79EFBC}") = "易捷查询CSharp", "易捷查询CSharp\易捷查询CSharp.csproj", "{E35ECD7E-9D38-43E0-A851-EB8648C04F4E}"
EndProject
Global
	GlobalSection(SolutionConfigurationPlatforms) = preSolution
		Debug|Any CPU = Debug|Any CPU
		Release|Any CPU = Release|Any CPU
	EndGlobalSection
	GlobalSection(ProjectConfigurationPlatforms) = postSolution
		{E35ECD7E-9D38-43E0-A851-EB8648C04F4E}.Debug|Any CPU.ActiveCfg = Debug|Any CPU
		{E35ECD7E-9D38-43E0-A851-EB8648C04F4E}.Debug|Any CPU.Build.0 = Debug|Any CPU
		{E35ECD7E-9D38-43E0-A851-EB8648C04F4E}.Release|Any CPU.ActiveCfg = Release|Any CPU
		{E35ECD7E-9D38-43E0-A851-EB8648C04F4E}.Release|Any CPU.Build.0 = Release|Any CPU
	EndGlobalSection
	GlobalSection(SolutionProperties) = preSolution
		HideSolutionNode = FALSE
	EndGlobalSection
	GlobalSection(ExtensibilityGlobals) = postSolution
		SolutionGuid = {F3543C23-8BC1-4533-9EFB-5FE0FA8A2E2C}
	EndGlobalSection
EndGlobal
